
Microsoft Visual Studio Solution File, Format Version 12.00
# Visual Studio Version 17
VisualStudioVersion = 17.6.33815.320
MinimumVisualStudioVersion = 10.0.40219.1
Project("{9A19103F-16F7-4668-BE54-9A1E7A4F7556}") = "Hx.Gateway.Admin", "Hx.Gateway.Admin\Hx.Gateway.Admin.csproj", "{53ABDDA4-62B0-491C-8F56-55361B3E684C}"
EndProject
Project("{9A19103F-16F7-4668-BE54-9A1E7A4F7556}") = "Hx.Gateway.Core", "Hx.Gateway.Core\Hx.Gateway.Core.csproj", "{721A68B2-DAE1-444D-A1E3-0B37FC5166E9}"
EndProject
Project("{9A19103F-16F7-4668-BE54-9A1E7A4F7556}") = "Hx.Gateway.Web.Entry", "Hx.Gateway.Web.Entry\Hx.Gateway.Web.Entry.csproj", "{AF5567BF-E11E-4EBB-B308-B4F30866C3D2}"
EndProject
Project("{FAE04EC0-301F-11D3-BF4B-00C04F79EFBC}") = "Hx.Gateway", "Hx.Gateway\Hx.Gateway.csproj", "{6CAF80A2-6C9A-439B-A73F-77E1CC5AF77E}"
EndProject
Global
	GlobalSection(SolutionConfigurationPlatforms) = preSolution
		Debug|Any CPU = Debug|Any CPU
		Release|Any CPU = Release|Any CPU
	EndGlobalSection
	GlobalSection(ProjectConfigurationPlatforms) = postSolution
		{53ABDDA4-62B0-491C-8F56-55361B3E684C}.Debug|Any CPU.ActiveCfg = Debug|Any CPU
		{53ABDDA4-62B0-491C-8F56-55361B3E684C}.Debug|Any CPU.Build.0 = Debug|Any CPU
		{53ABDDA4-62B0-491C-8F56-55361B3E684C}.Release|Any CPU.ActiveCfg = Release|Any CPU
		{53ABDDA4-62B0-491C-8F56-55361B3E684C}.Release|Any CPU.Build.0 = Release|Any CPU
		{721A68B2-DAE1-444D-A1E3-0B37FC5166E9}.Debug|Any CPU.ActiveCfg = Debug|Any CPU
		{721A68B2-DAE1-444D-A1E3-0B37FC5166E9}.Debug|Any CPU.Build.0 = Debug|Any CPU
		{721A68B2-DAE1-444D-A1E3-0B37FC5166E9}.Release|Any CPU.ActiveCfg = Release|Any CPU
		{721A68B2-DAE1-444D-A1E3-0B37FC5166E9}.Release|Any CPU.Build.0 = Release|Any CPU
		{AF5567BF-E11E-4EBB-B308-B4F30866C3D2}.Debug|Any CPU.ActiveCfg = Debug|Any CPU
		{AF5567BF-E11E-4EBB-B308-B4F30866C3D2}.Debug|Any CPU.Build.0 = Debug|Any CPU
		{AF5567BF-E11E-4EBB-B308-B4F30866C3D2}.Release|Any CPU.ActiveCfg = Release|Any CPU
		{AF5567BF-E11E-4EBB-B308-B4F30866C3D2}.Release|Any CPU.Build.0 = Release|Any CPU
		{6CAF80A2-6C9A-439B-A73F-77E1CC5AF77E}.Debug|Any CPU.ActiveCfg = Debug|Any CPU
		{6CAF80A2-6C9A-439B-A73F-77E1CC5AF77E}.Debug|Any CPU.Build.0 = Debug|Any CPU
		{6CAF80A2-6C9A-439B-A73F-77E1CC5AF77E}.Release|Any CPU.ActiveCfg = Release|Any CPU
		{6CAF80A2-6C9A-439B-A73F-77E1CC5AF77E}.Release|Any CPU.Build.0 = Release|Any CPU
	EndGlobalSection
	GlobalSection(SolutionProperties) = preSolution
		HideSolutionNode = FALSE
	EndGlobalSection
	GlobalSection(ExtensibilityGlobals) = postSolution
		SolutionGuid = {EE9FEC74-B1CE-49ED-BD50-E033227EC3EF}
	EndGlobalSection
EndGlobal
